
Microsoft Visual Studio Solution File, Format Version 12.00
# Visual Studio Version 17
VisualStudioVersion = 17.6.33723.286
MinimumVisualStudioVersion = 10.0.40219.1
Project("{9A19103F-16F7-4668-BE54-9A1E7A4F7556}") = "SaleCheckApp", "SaleCheckApp.csproj", "{C2D60BAB-8283-4052-93B0-838896BC2DC3}"
EndProject
Project("{FAE04EC0-301F-11D3-BF4B-00C04F79EFBC}") = "SaleCheckAppTest", "..\SaleCheckAppTest\SaleCheckAppTest.csproj", "{C8D3C660-A803-4B27-BC58-4D4EA984D253}"
EndProject
Global
	GlobalSection(SolutionConfigurationPlatforms) = preSolution
		Debug|Any CPU = Debug|Any CPU
		Release|Any CPU = Release|Any CPU
	EndGlobalSection
	GlobalSection(ProjectConfigurationPlatforms) = postSolution
		{C2D60BAB-8283-4052-93B0-838896BC2DC3}.Debug|Any CPU.ActiveCfg = Debug|Any CPU
		{C2D60BAB-8283-4052-93B0-838896BC2DC3}.Debug|Any CPU.Build.0 = Debug|Any CPU
		{C2D60BAB-8283-4052-93B0-838896BC2DC3}.Release|Any CPU.ActiveCfg = Release|Any CPU
		{C2D60BAB-8283-4052-93B0-838896BC2DC3}.Release|Any CPU.Build.0 = Release|Any CPU
		{C8D3C660-A803-4B27-BC58-4D4EA984D253}.Debug|Any CPU.ActiveCfg = Debug|Any CPU
		{C8D3C660-A803-4B27-BC58-4D4EA984D253}.Debug|Any CPU.Build.0 = Debug|Any CPU
		{C8D3C660-A803-4B27-BC58-4D4EA984D253}.Release|Any CPU.ActiveCfg = Release|Any CPU
		{C8D3C660-A803-4B27-BC58-4D4EA984D253}.Release|Any CPU.Build.0 = Release|Any CPU
	EndGlobalSection
	GlobalSection(SolutionProperties) = preSolution
		HideSolutionNode = FALSE
	EndGlobalSection
	GlobalSection(ExtensibilityGlobals) = postSolution
		SolutionGuid = {81A9B0A6-5001-430A-9516-3671C0B36E47}
	EndGlobalSection
EndGlobal
